Microsoft Visual Studio Solution File, Format Version 12.00
# Visual Studio Version 17
VisualStudioVersion = 17.5.2.0
MinimumVisualStudioVersion = 10.0.40219.1
Project("{FAE04EC0-301F-11D3-BF4B-00C04F79EFBC}") = "Assembly-CSharp.TasInfo.mm", "Assembly-CSharp.TasInfo.mm.csproj", "{F20BB421-FABA-B7DF-D088-3DDDAD57CA34}"
EndProject
Global
	GlobalSection(SolutionConfigurationPlatforms) = preSolution
		Debug|Any CPU = Debug|Any CPU
		Release|Any CPU = Release|Any CPU
	EndGlobalSection
	GlobalSection(ProjectConfigurationPlatforms) = postSolution
		{F20BB421-FABA-B7DF-D088-3DDDAD57CA34}.Debug|Any CPU.ActiveCfg = Debug|Any CPU
		{F20BB421-FABA-B7DF-D088-3DDDAD57CA34}.Debug|Any CPU.Build.0 = Debug|Any CPU
		{F20BB421-FABA-B7DF-D088-3DDDAD57CA34}.Release|Any CPU.ActiveCfg = Release|Any CPU
		{F20BB421-FABA-B7DF-D088-3DDDAD57CA34}.Release|Any CPU.Build.0 = Release|Any CPU
	EndGlobalSection
	GlobalSection(SolutionProperties) = preSolution
		HideSolutionNode = FALSE
	EndGlobalSection
	GlobalSection(ExtensibilityGlobals) = postSolution
		SolutionGuid = {58566BD6-DF0C-4AF1-A6AC-11A92EEF1A5F}
	EndGlobalSection
EndGlobal
